
Microsoft Visual Studio Solution File, Format Version 12.00
# Visual Studio Version 16
VisualStudioVersion = 16.0.29709.97
MinimumVisualStudioVersion = 10.0.40219.1
Project("{FAE04EC0-301F-11D3-BF4B-00C04F79EFBC}") = "AdderDotNetCore", "AdderDotNetCore\AdderDotNetCore.csproj", "{CDF00A8F-5543-4721-A806-F782FE31A291}"
EndProject
Project("{FAE04EC0-301F-11D3-BF4B-00C04F79EFBC}") = "AdderDotNetCoreTests", "AdderDotNetCoreTests\AdderDotNetCoreTests.csproj", "{F00B2545-263F-4055-9F21-5B78230A5528}"
EndProject
Global
	GlobalSection(SolutionConfigurationPlatforms) = preSolution
		Debug|Any CPU = Debug|Any CPU
		Release|Any CPU = Release|Any CPU
	EndGlobalSection
	GlobalSection(ProjectConfigurationPlatforms) = postSolution
		{CDF00A8F-5543-4721-A806-F782FE31A291}.Debug|Any CPU.ActiveCfg = Debug|Any CPU
		{CDF00A8F-5543-4721-A806-F782FE31A291}.Debug|Any CPU.Build.0 = Debug|Any CPU
		{CDF00A8F-5543-4721-A806-F782FE31A291}.Release|Any CPU.ActiveCfg = Release|Any CPU
		{CDF00A8F-5543-4721-A806-F782FE31A291}.Release|Any CPU.Build.0 = Release|Any CPU
		{F00B2545-263F-4055-9F21-5B78230A5528}.Debug|Any CPU.ActiveCfg = Debug|Any CPU
		{F00B2545-263F-4055-9F21-5B78230A5528}.Debug|Any CPU.Build.0 = Debug|Any CPU
		{F00B2545-263F-4055-9F21-5B78230A5528}.Release|Any CPU.ActiveCfg = Release|Any CPU
		{F00B2545-263F-4055-9F21-5B78230A5528}.Release|Any CPU.Build.0 = Release|Any CPU
	EndGlobalSection
	GlobalSection(SolutionProperties) = preSolution
		HideSolutionNode = FALSE
	EndGlobalSection
	GlobalSection(ExtensibilityGlobals) = postSolution
		SolutionGuid = {0F768625-7749-40E2-98F0-D25AF3F3109F}
	EndGlobalSection
EndGlobal
